
Microsoft Visual Studio Solution File, Format Version 12.00
# Visual Studio Version 16
VisualStudioVersion = 25.0.1704.0
MinimumVisualStudioVersion = 10.0.40219.1
Project("{FAE04EC0-301F-11D3-BF4B-00C04F79EFBC}") = "EmailService", "EmailService.csproj", "{05D813A6-010C-4DCD-8C76-3B877056D178}"
EndProject
Global
	GlobalSection(SolutionConfigurationPlatforms) = preSolution
		Debug|Any CPU = Debug|Any CPU
		Release|Any CPU = Release|Any CPU
	EndGlobalSection
	GlobalSection(ProjectConfigurationPlatforms) = postSolution
		{05D813A6-010C-4DCD-8C76-3B877056D178}.Debug|Any CPU.ActiveCfg = Debug|Any CPU
		{05D813A6-010C-4DCD-8C76-3B877056D178}.Debug|Any CPU.Build.0 = Debug|Any CPU
		{05D813A6-010C-4DCD-8C76-3B877056D178}.Release|Any CPU.ActiveCfg = Release|Any CPU
		{05D813A6-010C-4DCD-8C76-3B877056D178}.Release|Any CPU.Build.0 = Release|Any CPU
	EndGlobalSection
	GlobalSection(SolutionProperties) = preSolution
		HideSolutionNode = FALSE
	EndGlobalSection
	GlobalSection(ExtensibilityGlobals) = postSolution
		SolutionGuid = {32912C75-E454-411F-8D13-C59CEBB1E23B}
	EndGlobalSection
EndGlobal
